
Microsoft Visual Studio Solution File, Format Version 12.00
# Visual Studio 15
Project("{FAE04EC0-301F-11D3-BF4B-00C04F79EFBC}") = "Assembly-CSharp", "Assembly-CSharp.csproj", "{109DCBA3-A0CC-606E-8FC0-6EF2C16DC2CA}"
EndProject
Project("{FAE04EC0-301F-11D3-BF4B-00C04F79EFBC}") = "Assembly-CSharp-firstpass", "Assembly-CSharp-firstpass.csproj", "{AB4FCC5E-B7C3-DC05-002A-EAFF4CD7C12E}"
EndProject
Project("{FAE04EC0-301F-11D3-BF4B-00C04F79EFBC}") = "Assembly-CSharp-Editor", "Assembly-CSharp-Editor.csproj", "{AA25D92B-A0D7-FE18-6267-EE5C466F30F1}"
EndProject
Project("{FAE04EC0-301F-11D3-BF4B-00C04F79EFBC}") = "Assembly-CSharp-Editor-firstpass", "Assembly-CSharp-Editor-firstpass.csproj", "{BA1E761E-8D16-B47F-3B50-A97FBF16F587}"
EndProject
Global
	GlobalSection(SolutionConfigurationPlatforms) = preSolution
		Debug|Any CPU = Debug|Any CPU
		Release|Any CPU = Release|Any CPU
	EndGlobalSection
	GlobalSection(ProjectConfigurationPlatforms) = postSolution
		{109DCBA3-A0CC-606E-8FC0-6EF2C16DC2CA}.Debug|Any CPU.ActiveCfg = Debug|Any CPU
		{109DCBA3-A0CC-606E-8FC0-6EF2C16DC2CA}.Debug|Any CPU.Build.0 = Debug|Any CPU
		{109DCBA3-A0CC-606E-8FC0-6EF2C16DC2CA}.Release|Any CPU.ActiveCfg = Release|Any CPU
		{109DCBA3-A0CC-606E-8FC0-6EF2C16DC2CA}.Release|Any CPU.Build.0 = Release|Any CPU
		{AB4FCC5E-B7C3-DC05-002A-EAFF4CD7C12E}.Debug|Any CPU.ActiveCfg = Debug|Any CPU
		{AB4FCC5E-B7C3-DC05-002A-EAFF4CD7C12E}.Debug|Any CPU.Build.0 = Debug|Any CPU
		{AB4FCC5E-B7C3-DC05-002A-EAFF4CD7C12E}.Release|Any CPU.ActiveCfg = Release|Any CPU
		{AB4FCC5E-B7C3-DC05-002A-EAFF4CD7C12E}.Release|Any CPU.Build.0 = Release|Any CPU
		{AA25D92B-A0D7-FE18-6267-EE5C466F30F1}.Debug|Any CPU.ActiveCfg = Debug|Any CPU
		{AA25D92B-A0D7-FE18-6267-EE5C466F30F1}.Debug|Any CPU.Build.0 = Debug|Any CPU
		{AA25D92B-A0D7-FE18-6267-EE5C466F30F1}.Release|Any CPU.ActiveCfg = Release|Any CPU
		{AA25D92B-A0D7-FE18-6267-EE5C466F30F1}.Release|Any CPU.Build.0 = Release|Any CPU
		{BA1E761E-8D16-B47F-3B50-A97FBF16F587}.Debug|Any CPU.ActiveCfg = Debug|Any CPU
		{BA1E761E-8D16-B47F-3B50-A97FBF16F587}.Debug|Any CPU.Build.0 = Debug|Any CPU
		{BA1E761E-8D16-B47F-3B50-A97FBF16F587}.Release|Any CPU.ActiveCfg = Release|Any CPU
		{BA1E761E-8D16-B47F-3B50-A97FBF16F587}.Release|Any CPU.Build.0 = Release|Any CPU
	EndGlobalSection
	GlobalSection(SolutionProperties) = preSolution
		HideSolutionNode = FALSE
	EndGlobalSection
EndGlobal
